
Microsoft Visual Studio Solution File, Format Version 12.00
# Visual Studio 15
VisualStudioVersion = 15.0.26228.9
MinimumVisualStudioVersion = 10.0.40219.1
Project("{FAE04EC0-301F-11D3-BF4B-00C04F79EFBC}") = "MyMapObjectsDemo", "MyMapObjectsDemo\MyMapObjectsDemo.csproj", "{B07B3F77-5FE3-4E84-8F86-F6DE04EAB899}"
EndProject
Project("{FAE04EC0-301F-11D3-BF4B-00C04F79EFBC}") = "MyMapObjects", "MyMapObjects\MyMapObjects.csproj", "{ABA401DE-1794-4394-A86D-8F2727E3B085}"
EndProject
Global
	GlobalSection(SolutionConfigurationPlatforms) = preSolution
		Debug|Any CPU = Debug|Any CPU
		Release|Any CPU = Release|Any CPU
	EndGlobalSection
	GlobalSection(ProjectConfigurationPlatforms) = postSolution
		{B07B3F77-5FE3-4E84-8F86-F6DE04EAB899}.Debug|Any CPU.ActiveCfg = Debug|Any CPU
		{B07B3F77-5FE3-4E84-8F86-F6DE04EAB899}.Debug|Any CPU.Build.0 = Debug|Any CPU
		{B07B3F77-5FE3-4E84-8F86-F6DE04EAB899}.Release|Any CPU.ActiveCfg = Release|Any CPU
		{B07B3F77-5FE3-4E84-8F86-F6DE04EAB899}.Release|Any CPU.Build.0 = Release|Any CPU
		{ABA401DE-1794-4394-A86D-8F2727E3B085}.Debug|Any CPU.ActiveCfg = Debug|Any CPU
		{ABA401DE-1794-4394-A86D-8F2727E3B085}.Debug|Any CPU.Build.0 = Debug|Any CPU
		{ABA401DE-1794-4394-A86D-8F2727E3B085}.Release|Any CPU.ActiveCfg = Release|Any CPU
		{ABA401DE-1794-4394-A86D-8F2727E3B085}.Release|Any CPU.Build.0 = Release|Any CPU
	EndGlobalSection
	GlobalSection(SolutionProperties) = preSolution
		HideSolutionNode = FALSE
	EndGlobalSection
EndGlobal
